// !$*UTF8*$!
{
	archiveVersion = 1;
	classes = {
	};
	objectVersion = 56;
	objects = {

/* Begin PBXBuildFile section */
		B2251D522C67FB8A00EA8D85 /* FrameworkGridViewModel.swift in Sources */ = {isa = PBXBuildFile; fileRef = B2251D512C67FB8A00EA8D85 /* FrameworkGridViewModel.swift */; };
		B23C4CA52C693B4300B65C01 /* SafariView.swift in Sources */ = {isa = PBXBuildFile; fileRef = B23C4CA42C693B4300B65C01 /* SafariView.swift */; };
		B259A23F2C66B7B4001380E0 /* FrameworkDetailView.swift in Sources */ = {isa = PBXBuildFile; fileRef = B259A23E2C66B7B4001380E0 /* FrameworkDetailView.swift */; };
		B259A2412C66BAD2001380E0 /* AFButton.swift in Sources */ = {isa = PBXBuildFile; fileRef = B259A2402C66BAD2001380E0 /* AFButton.swift */; };
		B2B6C2532C64BD6000F6F4B7 /* AppleFrameworkProjectApp.swift in Sources */ = {isa = PBXBuildFile; fileRef = B2B6C2522C64BD6000F6F4B7 /* AppleFrameworkProjectApp.swift */; };
		B2B6C2552C64BD6000F6F4B7 /* ContentView.swift in Sources */ = {isa = PBXBuildFile; fileRef = B2B6C2542C64BD6000F6F4B7 /* ContentView.swift */; };
		B2B6C2572C64BD6100F6F4B7 /* Assets.xcassets in Resources */ = {isa = PBXBuildFile; fileRef = B2B6C2562C64BD6100F6F4B7 /* Assets.xcassets */; };
		B2B6C25A2C64BD6100F6F4B7 /* Preview Assets.xcassets in Resources */ = {isa = PBXBuildFile; fileRef = B2B6C2592C64BD6100F6F4B7 /* Preview Assets.xcassets */; };
		B2B6C2642C64BD6100F6F4B7 /* AppleFrameworkProjectTests.swift in Sources */ = {isa = PBXBuildFile; fileRef = B2B6C2632C64BD6100F6F4B7 /* AppleFrameworkProjectTests.swift */; };
		B2B6C26E2C64BD6100F6F4B7 /* AppleFrameworkProjectUITests.swift in Sources */ = {isa = PBXBuildFile; fileRef = B2B6C26D2C64BD6100F6F4B7 /* AppleFrameworkProjectUITests.swift */; };
		B2B6C2702C64BD6100F6F4B7 /* AppleFrameworkProjectUITestsLaunchTests.swift in Sources */ = {isa = PBXBuildFile; fileRef = B2B6C26F2C64BD6100F6F4B7 /* AppleFrameworkProjectUITestsLaunchTests.swift */; };
		B2B6C27E2C64BDD300F6F4B7 /* Framework.swift in Sources */ = {isa = PBXBuildFile; fileRef = B2B6C27D2C64BDD300F6F4B7 /* Framework.swift */; };
		B2F787BB2C69F3E6000D2F53 /* FrameworkTitleView.swift in Sources */ = {isa = PBXBuildFile; fileRef = B2F787BA2C69F3E6000D2F53 /* FrameworkTitleView.swift */; };
		B2F787BD2C69F58B000D2F53 /* XDismissButton.swift in Sources */ = {isa = PBXBuildFile; fileRef = B2F787BC2C69F58B000D2F53 /* XDismissButton.swift */; };
		B2F787C62C69FCDF000D2F53 /* ListviewConent.swift in Sources */ = {isa = PBXBuildFile; fileRef = B2F787C52C69FCDF000D2F53 /* ListviewConent.swift */; };
/* End PBXBuildFile section */

/* Begin PBXContainerItemProxy section */
		B2B6C2602C64BD6100F6F4B7 /* PBXContainerItemProxy */ = {
			isa = PBXContainerItemProxy;
			containerPortal = B2B6C2472C64BD6000F6F4B7 /* Project object */;
			proxyType = 1;
			remoteGlobalIDString = B2B6C24E2C64BD6000F6F4B7;
			remoteInfo = AppleFrameworkProject;
		};
		B2B6C26A2C64BD6100F6F4B7 /* PBXContainerItemProxy */ = {
			isa = PBXContainerItemProxy;
			containerPortal = B2B6C2472C64BD6000F6F4B7 /* Project object */;
			proxyType = 1;
			remoteGlobalIDString = B2B6C24E2C64BD6000F6F4B7;
			remoteInfo = AppleFrameworkProject;
		};
/* End PBXContainerItemProxy section */

/* Begin PBXFileReference section */
		B2251D512C67FB8A00EA8D85 /* FrameworkGridViewModel.swift */ = {isa = PBXFileReference; lastKnownFileType = sourcecode.swift; path = FrameworkGridViewModel.swift; sourceTree = "<group>"; };
		B23C4CA42C693B4300B65C01 /* SafariView.swift */ = {isa = PBXFileReference; lastKnownFileType = sourcecode.swift; path = SafariView.swift; sourceTree = "<group>"; };
		B259A23E2C66B7B4001380E0 /* FrameworkDetailView.swift */ = {isa = PBXFileReference; lastKnownFileType = sourcecode.swift; path = FrameworkDetailView.swift; sourceTree = "<group>"; };
		B259A2402C66BAD2001380E0 /* AFButton.swift */ = {isa = PBXFileReference; lastKnownFileType = sourcecode.swift; path = AFButton.swift; sourceTree = "<group>"; };
		B2B6C24F2C64BD6000F6F4B7 /* AppleFrameworkProject.app */ = {isa = PBXFileReference; explicitFileType = wrapper.application; includeInIndex = 0; path = AppleFrameworkProject.app; sourceTree = BUILT_PRODUCTS_DIR; };
		B2B6C2522C64BD6000F6F4B7 /* AppleFrameworkProjectApp.swift */ = {isa = PBXFileReference; lastKnownFileType = sourcecode.swift; path = AppleFrameworkProjectApp.swift; sourceTree = "<group>"; };
		B2B6C2542C64BD6000F6F4B7 /* ContentView.swift */ = {isa = PBXFileReference; lastKnownFileType = sourcecode.swift; path = ContentView.swift; sourceTree = "<group>"; };
		B2B6C2562C64BD6100F6F4B7 /* Assets.xcassets */ = {isa = PBXFileReference; lastKnownFileType = folder.assetcatalog; path = Assets.xcassets; sourceTree = "<group>"; };
		B2B6C2592C64BD6100F6F4B7 /* Preview Assets.xcassets */ = {isa = PBXFileReference; lastKnownFileType = folder.assetcatalog; path = "Preview Assets.xcassets"; sourceTree = "<group>"; };
		B2B6C25F2C64BD6100F6F4B7 /* AppleFrameworkProjectTests.xctest */ = {isa = PBXFileReference; explicitFileType = wrapper.cfbundle; includeInIndex = 0; path = AppleFrameworkProjectTests.xctest; sourceTree = BUILT_PRODUCTS_DIR; };
		B2B6C2632C64BD6100F6F4B7 /* AppleFrameworkProjectTests.swift */ = {isa = PBXFileReference; lastKnownFileType = sourcecode.swift; path = AppleFrameworkProjectTests.swift; sourceTree = "<group>"; };
		B2B6C2692C64BD6100F6F4B7 /* AppleFrameworkProjectUITests.xctest */ = {isa = PBXFileReference; explicitFileType = wrapper.cfbundle; includeInIndex = 0; path = AppleFrameworkProjectUITests.xctest; sourceTree = BUILT_PRODUCTS_DIR; };
		B2B6C26D2C64BD6100F6F4B7 /* AppleFrameworkProjectUITests.swift */ = {isa = PBXFileReference; lastKnownFileType = sourcecode.swift; path = AppleFrameworkProjectUITests.swift; sourceTree = "<group>"; };
		B2B6C26F2C64BD6100F6F4B7 /* AppleFrameworkProjectUITestsLaunchTests.swift */ = {isa = PBXFileReference; lastKnownFileType = sourcecode.swift; path = AppleFrameworkProjectUITestsLaunchTests.swift; sourceTree = "<group>"; };
		B2B6C27D2C64BDD300F6F4B7 /* Framework.swift */ = {isa = PBXFileReference; lastKnownFileType = sourcecode.swift; path = Framework.swift; sourceTree = "<group>"; };
		B2F787BA2C69F3E6000D2F53 /* FrameworkTitleView.swift */ = {isa = PBXFileReference; lastKnownFileType = sourcecode.swift; path = FrameworkTitleView.swift; sourceTree = "<group>"; };
		B2F787BC2C69F58B000D2F53 /* XDismissButton.swift */ = {isa = PBXFileReference; lastKnownFileType = sourcecode.swift; path = XDismissButton.swift; sourceTree = "<group>"; };
		B2F787C52C69FCDF000D2F53 /* ListviewConent.swift */ = {isa = PBXFileReference; lastKnownFileType = sourcecode.swift; path = ListviewConent.swift; sourceTree = "<group>"; };
/* End PBXFileReference section */

/* Begin PBXFrameworksBuildPhase section */
		B2B6C24C2C64BD6000F6F4B7 /* Frameworks */ = {
			isa = PBXFrameworksBuildPhase;
			buildActionMask = 2147483647;
			files = (
			);
			runOnlyForDeploymentPostprocessing = 0;
		};
		B2B6C25C2C64BD6100F6F4B7 /* Frameworks */ = {
			isa = PBXFrameworksBuildPhase;
			buildActionMask = 2147483647;
			files = (
			);
			runOnlyForDeploymentPostprocessing = 0;
		};
		B2B6C2662C64BD6100F6F4B7 /* Frameworks */ = {
			isa = PBXFrameworksBuildPhase;
			buildActionMask = 2147483647;
			files = (
			);
			runOnlyForDeploymentPostprocessing = 0;
		};
/* End PBXFrameworksBuildPhase section */

/* Begin PBXGroup section */
		B2B6C2462C64BD6000F6F4B7 = {
			isa = PBXGroup;
			children = (
				B2B6C2512C64BD6000F6F4B7 /* AppleFrameworkProject */,
				B2B6C2622C64BD6100F6F4B7 /* AppleFrameworkProjectTests */,
				B2B6C26C2C64BD6100F6F4B7 /* AppleFrameworkProjectUITests */,
				B2B6C2502C64BD6000F6F4B7 /* Products */,
			);
			sourceTree = "<group>";
		};
		B2B6C2502C64BD6000F6F4B7 /* Products */ = {
			isa = PBXGroup;
			children = (
				B2B6C24F2C64BD6000F6F4B7 /* AppleFrameworkProject.app */,
				B2B6C25F2C64BD6100F6F4B7 /* AppleFrameworkProjectTests.xctest */,
				B2B6C2692C64BD6100F6F4B7 /* AppleFrameworkProjectUITests.xctest */,
			);
			name = Products;
			sourceTree = "<group>";
		};
		B2B6C2512C64BD6000F6F4B7 /* AppleFrameworkProject */ = {
			isa = PBXGroup;
			children = (
				B2F787C32C69F88C000D2F53 /* UIKitComponenet */,
				B2F787BF2C69F800000D2F53 /* Views */,
				B2F787BE2C69F7F7000D2F53 /* Screens */,
				B2B6C27C2C64BDC400F6F4B7 /* Models */,
				B2B6C2522C64BD6000F6F4B7 /* AppleFrameworkProjectApp.swift */,
				B2B6C2562C64BD6100F6F4B7 /* Assets.xcassets */,
				B2B6C2582C64BD6100F6F4B7 /* Preview Content */,
			);
			path = AppleFrameworkProject;
			sourceTree = "<group>";
		};
		B2B6C2582C64BD6100F6F4B7 /* Preview Content */ = {
			isa = PBXGroup;
			children = (
				B2B6C2592C64BD6100F6F4B7 /* Preview Assets.xcassets */,
			);
			path = "Preview Content";
			sourceTree = "<group>";
		};
		B2B6C2622C64BD6100F6F4B7 /* AppleFrameworkProjectTests */ = {
			isa = PBXGroup;
			children = (
				B2B6C2632C64BD6100F6F4B7 /* AppleFrameworkProjectTests.swift */,
			);
			path = AppleFrameworkProjectTests;
			sourceTree = "<group>";
		};
		B2B6C26C2C64BD6100F6F4B7 /* AppleFrameworkProjectUITests */ = {
			isa = PBXGroup;
			children = (
				B2B6C26D2C64BD6100F6F4B7 /* AppleFrameworkProjectUITests.swift */,
				B2B6C26F2C64BD6100F6F4B7 /* AppleFrameworkProjectUITestsLaunchTests.swift */,
			);
			path = AppleFrameworkProjectUITests;
			sourceTree = "<group>";
		};
		B2B6C27C2C64BDC400F6F4B7 /* Models */ = {
			isa = PBXGroup;
			children = (
				B2B6C27D2C64BDD300F6F4B7 /* Framework.swift */,
			);
			path = Models;
			sourceTree = "<group>";
		};
		B2F787BE2C69F7F7000D2F53 /* Screens */ = {
			isa = PBXGroup;
			children = (
				B2F787C42C69FCA9000D2F53 /* FramworkListview */,
				B2F787C12C69F839000D2F53 /* FrameworkGridView */,
				B2F787C22C69F845000D2F53 /* FrameworkGridViewDetails */,
			);
			path = Screens;
			sourceTree = "<group>";
		};
		B2F787BF2C69F800000D2F53 /* Views */ = {
			isa = PBXGroup;
			children = (
				B2F787BA2C69F3E6000D2F53 /* FrameworkTitleView.swift */,
				B2F787C02C69F80A000D2F53 /* Buttons */,
			);
			path = Views;
			sourceTree = "<group>";
		};
		B2F787C02C69F80A000D2F53 /* Buttons */ = {
			isa = PBXGroup;
			children = (
				B259A2402C66BAD2001380E0 /* AFButton.swift */,
				B2F787BC2C69F58B000D2F53 /* XDismissButton.swift */,
			);
			path = Buttons;
			sourceTree = "<group>";
		};
		B2F787C12C69F839000D2F53 /* FrameworkGridView */ = {
			isa = PBXGroup;
			children = (
				B2B6C2542C64BD6000F6F4B7 /* ContentView.swift */,
				B2251D512C67FB8A00EA8D85 /* FrameworkGridViewModel.swift */,
			);
			path = FrameworkGridView;
			sourceTree = "<group>";
		};
		B2F787C22C69F845000D2F53 /* FrameworkGridViewDetails */ = {
			isa = PBXGroup;
			children = (
				B259A23E2C66B7B4001380E0 /* FrameworkDetailView.swift */,
			);
			path = FrameworkGridViewDetails;
			sourceTree = "<group>";
		};
		B2F787C32C69F88C000D2F53 /* UIKitComponenet */ = {
			isa = PBXGroup;
			children = (
				B23C4CA42C693B4300B65C01 /* SafariView.swift */,
			);
			path = UIKitComponenet;
			sourceTree = "<group>";
		};
		B2F787C42C69FCA9000D2F53 /* FramworkListview */ = {
			isa = PBXGroup;
			children = (
				B2F787C52C69FCDF000D2F53 /* ListviewConent.swift */,
			);
			path = FramworkListview;
			sourceTree = "<group>";
		};
/* End PBXGroup section */

/* Begin PBXNativeTarget section */
		B2B6C24E2C64BD6000F6F4B7 /* AppleFrameworkProject */ = {
			isa = PBXNativeTarget;
			buildConfigurationList = B2B6C2732C64BD6100F6F4B7 /* Build configuration list for PBXNativeTarget "AppleFrameworkProject" */;
			buildPhases = (
				B2B6C24B2C64BD6000F6F4B7 /* Sources */,
				B2B6C24C2C64BD6000F6F4B7 /* Frameworks */,
				B2B6C24D2C64BD6000F6F4B7 /* Resources */,
			);
			buildRules = (
			);
			dependencies = (
			);
			name = AppleFrameworkProject;
			productName = AppleFrameworkProject;
			productReference = B2B6C24F2C64BD6000F6F4B7 /* AppleFrameworkProject.app */;
			productType = "com.apple.product-type.application";
		};
		B2B6C25E2C64BD6100F6F4B7 /* AppleFrameworkProjectTests */ = {
			isa = PBXNativeTarget;
			buildConfigurationList = B2B6C2762C64BD6100F6F4B7 /* Build configuration list for PBXNativeTarget "AppleFrameworkProjectTests" */;
			buildPhases = (
				B2B6C25B2C64BD6100F6F4B7 /* Sources */,
				B2B6C25C2C64BD6100F6F4B7 /* Frameworks */,
				B2B6C25D2C64BD6100F6F4B7 /* Resources */,
			);
			buildRules = (
			);
			dependencies = (
				B2B6C2612C64BD6100F6F4B7 /* PBXTargetDependency */,
			);
			name = AppleFrameworkProjectTests;
			productName = AppleFrameworkProjectTests;
			productReference = B2B6C25F2C64BD6100F6F4B7 /* AppleFrameworkProjectTests.xctest */;
			productType = "com.apple.product-type.bundle.unit-test";
		};
		B2B6C2682C64BD6100F6F4B7 /* AppleFrameworkProjectUITests */ = {
			isa = PBXNativeTarget;
			buildConfigurationList = B2B6C2792C64BD6100F6F4B7 /* Build configuration list for PBXNativeTarget "AppleFrameworkProjectUITests" */;
			buildPhases = (
				B2B6C2652C64BD6100F6F4B7 /* Sources */,
				B2B6C2662C64BD6100F6F4B7 /* Frameworks */,
				B2B6C2672C64BD6100F6F4B7 /* Resources */,
			);
			buildRules = (
			);
			dependencies = (
				B2B6C26B2C64BD6100F6F4B7 /* PBXTargetDependency */,
			);
			name = AppleFrameworkProjectUITests;
			productName = AppleFrameworkProjectUITests;
			productReference = B2B6C2692C64BD6100F6F4B7 /* AppleFrameworkProjectUITests.xctest */;
			productType = "com.apple.product-type.bundle.ui-testing";
		};
/* End PBXNativeTarget section */

/* Begin PBXProject section */
		B2B6C2472C64BD6000F6F4B7 /* Project object */ = {
			isa = PBXProject;
			attributes = {
				BuildIndependentTargetsInParallel = 1;
				LastSwiftUpdateCheck = 1430;
				LastUpgradeCheck = 1430;
				TargetAttributes = {
					B2B6C24E2C64BD6000F6F4B7 = {
						CreatedOnToolsVersion = 14.3.1;
					};
					B2B6C25E2C64BD6100F6F4B7 = {
						CreatedOnToolsVersion = 14.3.1;
						TestTargetID = B2B6C24E2C64BD6000F6F4B7;
					};
					B2B6C2682C64BD6100F6F4B7 = {
						CreatedOnToolsVersion = 14.3.1;
						TestTargetID = B2B6C24E2C64BD6000F6F4B7;
					};
				};
			};
			buildConfigurationList = B2B6C24A2C64BD6000F6F4B7 /* Build configuration list for PBXProject "AppleFrameworkProject" */;
			compatibilityVersion = "Xcode 14.0";
			developmentRegion = en;
			hasScannedForEncodings = 0;
			knownRegions = (
				en,
				Base,
			);
			mainGroup = B2B6C2462C64BD6000F6F4B7;
			productRefGroup = B2B6C2502C64BD6000F6F4B7 /* Products */;
			projectDirPath = "";
			projectRoot = "";
			targets = (
				B2B6C24E2C64BD6000F6F4B7 /* AppleFrameworkProject */,
				B2B6C25E2C64BD6100F6F4B7 /* AppleFrameworkProjectTests */,
				B2B6C2682C64BD6100F6F4B7 /* AppleFrameworkProjectUITests */,
			);
		};
/* End PBXProject section */

/* Begin PBXResourcesBuildPhase section */
		B2B6C24D2C64BD6000F6F4B7 /* Resources */ = {
			isa = PBXResourcesBuildPhase;
			buildActionMask = 2147483647;
			files = (
				B2B6C25A2C64BD6100F6F4B7 /* Preview Assets.xcassets in Resources */,
				B2B6C2572C64BD6100F6F4B7 /* Assets.xcassets in Resources */,
			);
			runOnlyForDeploymentPostprocessing = 0;
		};
		B2B6C25D2C64BD6100F6F4B7 /* Resources */ = {
			isa = PBXResourcesBuildPhase;
			buildActionMask = 2147483647;
			files = (
			);
			runOnlyForDeploymentPostprocessing = 0;
		};
		B2B6C2672C64BD6100F6F4B7 /* Resources */ = {
			isa = PBXResourcesBuildPhase;
			buildActionMask = 2147483647;
			files = (
			);
			runOnlyForDeploymentPostprocessing = 0;
		};
/* End PBXResourcesBuildPhase section */

/* Begin PBXSourcesBuildPhase section */
		B2B6C24B2C64BD6000F6F4B7 /* Sources */ = {
			isa = PBXSourcesBuildPhase;
			buildActionMask = 2147483647;
			files = (
				B259A23F2C66B7B4001380E0 /* FrameworkDetailView.swift in Sources */,
				B2B6C2552C64BD6000F6F4B7 /* ContentView.swift in Sources */,
				B2F787BD2C69F58B000D2F53 /* XDismissButton.swift in Sources */,
				B2B6C27E2C64BDD300F6F4B7 /* Framework.swift in Sources */,
				B259A2412C66BAD2001380E0 /* AFButton.swift in Sources */,
				B2F787C62C69FCDF000D2F53 /* ListviewConent.swift in Sources */,
				B2B6C2532C64BD6000F6F4B7 /* AppleFrameworkProjectApp.swift in Sources */,
				B2251D522C67FB8A00EA8D85 /* FrameworkGridViewModel.swift in Sources */,
				B2F787BB2C69F3E6000D2F53 /* FrameworkTitleView.swift in Sources */,
				B23C4CA52C693B4300B65C01 /* SafariView.swift in Sources */,
			);
			runOnlyForDeploymentPostprocessing = 0;
		};
		B2B6C25B2C64BD6100F6F4B7 /* Sources */ = {
			isa = PBXSourcesBuildPhase;
			buildActionMask = 2147483647;
			files = (
				B2B6C2642C64BD6100F6F4B7 /* AppleFrameworkProjectTests.swift in Sources */,
			);
			runOnlyForDeploymentPostprocessing = 0;
		};
		B2B6C2652C64BD6100F6F4B7 /* Sources */ = {
			isa = PBXSourcesBuildPhase;
			buildActionMask = 2147483647;
			files = (
				B2B6C2702C64BD6100F6F4B7 /* AppleFrameworkProjectUITestsLaunchTests.swift in Sources */,
				B2B6C26E2C64BD6100F6F4B7 /* AppleFrameworkProjectUITests.swift in Sources */,
			);
			runOnlyForDeploymentPostprocessing = 0;
		};
/* End PBXSourcesBuildPhase section */

/* Begin PBXTargetDependency section */
		B2B6C2612C64BD6100F6F4B7 /* PBXTargetDependency */ = {
			isa = PBXTargetDependency;
			target = B2B6C24E2C64BD6000F6F4B7 /* AppleFrameworkProject */;
			targetProxy = B2B6C2602C64BD6100F6F4B7 /* PBXContainerItemProxy */;
		};
		B2B6C26B2C64BD6100F6F4B7 /* PBXTargetDependency */ = {
			isa = PBXTargetDependency;
			target = B2B6C24E2C64BD6000F6F4B7 /* AppleFrameworkProject */;
			targetProxy = B2B6C26A2C64BD6100F6F4B7 /* PBXContainerItemProxy */;
		};
/* End PBXTargetDependency section */

/* Begin XCBuildConfiguration section */
		B2B6C2712C64BD6100F6F4B7 /* Debug */ = {
			isa = XCBuildConfiguration;
			buildSettings = {
				ALWAYS_SEARCH_USER_PATHS = NO;
				CLANG_ANALYZER_NONNULL = YES;
				CLANG_ANALYZER_NUMBER_OBJECT_CONVERSION = YES_AGGRESSIVE;
				CLANG_CXX_LANGUAGE_STANDARD = "gnu++20";
				CLANG_ENABLE_MODULES = YES;
				CLANG_ENABLE_OBJC_ARC = YES;
				CLANG_ENABLE_OBJC_WEAK = YES;
				CLANG_WARN_BLOCK_CAPTURE_AUTORELEASING = YES;
				CLANG_WARN_BOOL_CONVERSION = YES;
				CLANG_WARN_COMMA = YES;
				CLANG_WARN_CONSTANT_CONVERSION = YES;
				CLANG_WARN_DEPRECATED_OBJC_IMPLEMENTATIONS = YES;
				CLANG_WARN_DIRECT_OBJC_ISA_USAGE = YES_ERROR;
				CLANG_WARN_DOCUMENTATION_COMMENTS = YES;
				CLANG_WARN_EMPTY_BODY = YES;
				CLANG_WARN_ENUM_CONVERSION = YES;
				CLANG_WARN_INFINITE_RECURSION = YES;
				CLANG_WARN_INT_CONVERSION = YES;
				CLANG_WARN_NON_LITERAL_NULL_CONVERSION = YES;
				CLANG_WARN_OBJC_IMPLICIT_RETAIN_SELF = YES;
				CLANG_WARN_OBJC_LITERAL_CONVERSION = YES;
				CLANG_WARN_OBJC_ROOT_CLASS = YES_ERROR;
				CLANG_WARN_QUOTED_INCLUDE_IN_FRAMEWORK_HEADER = YES;
				CLANG_WARN_RANGE_LOOP_ANALYSIS = YES;
				CLANG_WARN_STRICT_PROTOTYPES = YES;
				CLANG_WARN_SUSPICIOUS_MOVE = YES;
				CLANG_WARN_UNGUARDED_AVAILABILITY = YES_AGGRESSIVE;
				CLANG_WARN_UNREACHABLE_CODE = YES;
				CLANG_WARN__DUPLICATE_METHOD_MATCH = YES;
				COPY_PHASE_STRIP = NO;
				DEBUG_INFORMATION_FORMAT = dwarf;
				ENABLE_STRICT_OBJC_MSGSEND = YES;
				ENABLE_TESTABILITY = YES;
				GCC_C_LANGUAGE_STANDARD = gnu11;
				GCC_DYNAMIC_NO_PIC = NO;
				GCC_NO_COMMON_BLOCKS = YES;
				GCC_OPTIMIZATION_LEVEL = 0;
				GCC_PREPROCESSOR_DEFINITIONS = (
					"DEBUG=1",
					"$(inherited)",
				);
				GCC_WARN_64_TO_32_BIT_CONVERSION = YES;
				GCC_WARN_ABOUT_RETURN_TYPE = YES_ERROR;
				GCC_WARN_UNDECLARED_SELECTOR = YES;
				GCC_WARN_UNINITIALIZED_AUTOS = YES_AGGRESSIVE;
				GCC_WARN_UNUSED_FUNCTION = YES;
				GCC_WARN_UNUSED_VARIABLE = YES;
				IPHONEOS_DEPLOYMENT_TARGET = 16.4;
				MTL_ENABLE_DEBUG_INFO = INCLUDE_SOURCE;
				MTL_FAST_MATH = YES;
				ONLY_ACTIVE_ARCH = YES;
				SDKROOT = iphoneos;
				SWIFT_ACTIVE_COMPILATION_CONDITIONS = DEBUG;
				SWIFT_OPTIMIZATION_LEVEL = "-Onone";
			};
			name = Debug;
		};
		B2B6C2722C64BD6100F6F4B7 /* Release */ = {
			isa = XCBuildConfiguration;
			buildSettings = {
				ALWAYS_SEARCH_USER_PATHS = NO;
				CLANG_ANALYZER_NONNULL = YES;
				CLANG_ANALYZER_NUMBER_OBJECT_CONVERSION = YES_AGGRESSIVE;
				CLANG_CXX_LANGUAGE_STANDARD = "gnu++20";
				CLANG_ENABLE_MODULES = YES;
				CLANG_ENABLE_OBJC_ARC = YES;
				CLANG_ENABLE_OBJC_WEAK = YES;
				CLANG_WARN_BLOCK_CAPTURE_AUTORELEASING = YES;
				CLANG_WARN_BOOL_CONVERSION = YES;
				CLANG_WARN_COMMA = YES;
				CLANG_WARN_CONSTANT_CONVERSION = YES;
				CLANG_WARN_DEPRECATED_OBJC_IMPLEMENTATIONS = YES;
				CLANG_WARN_DIRECT_OBJC_ISA_USAGE = YES_ERROR;
				CLANG_WARN_DOCUMENTATION_COMMENTS = YES;
				CLANG_WARN_EMPTY_BODY = YES;
				CLANG_WARN_ENUM_CONVERSION = YES;
				CLANG_WARN_INFINITE_RECURSION = YES;
				CLANG_WARN_INT_CONVERSION = YES;
				CLANG_WARN_NON_LITERAL_NULL_CONVERSION = YES;
				CLANG_WARN_OBJC_IMPLICIT_RETAIN_SELF = YES;
				CLANG_WARN_OBJC_LITERAL_CONVERSION = YES;
				CLANG_WARN_OBJC_ROOT_CLASS = YES_ERROR;
				CLANG_WARN_QUOTED_INCLUDE_IN_FRAMEWORK_HEADER = YES;
				CLANG_WARN_RANGE_LOOP_ANALYSIS = YES;
				CLANG_WARN_STRICT_PROTOTYPES = YES;
				CLANG_WARN_SUSPICIOUS_MOVE = YES;
				CLANG_WARN_UNGUARDED_AVAILABILITY = YES_AGGRESSIVE;
				CLANG_WARN_UNREACHABLE_CODE = YES;
				CLANG_WARN__DUPLICATE_METHOD_MATCH = YES;
				COPY_PHASE_STRIP = NO;
				DEBUG_INFORMATION_FORMAT = "dwarf-with-dsym";
				ENABLE_NS_ASSERTIONS = NO;
				ENABLE_STRICT_OBJC_MSGSEND = YES;
				GCC_C_LANGUAGE_STANDARD = gnu11;
				GCC_NO_COMMON_BLOCKS = YES;
				GCC_WARN_64_TO_32_BIT_CONVERSION = YES;
				GCC_WARN_ABOUT_RETURN_TYPE = YES_ERROR;
				GCC_WARN_UNDECLARED_SELECTOR = YES;
				GCC_WARN_UNINITIALIZED_AUTOS = YES_AGGRESSIVE;
				GCC_WARN_UNUSED_FUNCTION = YES;
				GCC_WARN_UNUSED_VARIABLE = YES;
				IPHONEOS_DEPLOYMENT_TARGET = 16.4;
				MTL_ENABLE_DEBUG_INFO = NO;
				MTL_FAST_MATH = YES;
				SDKROOT = iphoneos;
				SWIFT_COMPILATION_MODE = wholemodule;
				SWIFT_OPTIMIZATION_LEVEL = "-O";
				VALIDATE_PRODUCT = YES;
			};
			name = Release;
		};
		B2B6C2742C64BD6100F6F4B7 /* Debug */ = {
			isa = XCBuildConfiguration;
			buildSettings = {
				ASSETCATALOG_COMPILER_APPICON_NAME = AppIcon;
				ASSETCATALOG_COMPILER_GLOBAL_ACCENT_COLOR_NAME = AccentColor;
				CODE_SIGN_STYLE = Automatic;
				CURRENT_PROJECT_VERSION = 1;
				DEVELOPMENT_ASSET_PATHS = "\"AppleFrameworkProject/Preview Content\"";
				DEVELOPMENT_TEAM = GY9GA2ZV3W;
				ENABLE_PREVIEWS = YES;
				GENERATE_INFOPLIST_FILE = YES;
				INFOPLIST_KEY_UIApplicationSceneManifest_Generation = YES;
				INFOPLIST_KEY_UIApplicationSupportsIndirectInputEvents = YES;
				INFOPLIST_KEY_UILaunchScreen_Generation = YES;
				INFOPLIST_KEY_UISupportedInterfaceOrientations_iPad = "UIInterfaceOrientationPortrait UIInterfaceOrientationPortraitUpsideDown UIInterfaceOrientationLandscapeLeft UIInterfaceOrientationLandscapeRight";
				INFOPLIST_KEY_UISupportedInterfaceOrientations_iPhone = "UIInterfaceOrientationPortrait UIInterfaceOrientationLandscapeLeft UIInterfaceOrientationLandscapeRight";
				LD_RUNPATH_SEARCH_PATHS = (
					"$(inherited)",
					"@executable_path/Frameworks",
				);
				MARKETING_VERSION = 1.0;
				PRODUCT_BUNDLE_IDENTIFIER = test.waqas.AppleFrameworkProject;
				PRODUCT_NAME = "$(TARGET_NAME)";
				SWIFT_EMIT_LOC_STRINGS = YES;
				SWIFT_VERSION = 5.0;
				TARGETED_DEVICE_FAMILY = "1,2";
			};
			name = Debug;
		};
		B2B6C2752C64BD6100F6F4B7 /* Release */ = {
			isa = XCBuildConfiguration;
			buildSettings = {
				ASSETCATALOG_COMPILER_APPICON_NAME = AppIcon;
				ASSETCATALOG_COMPILER_GLOBAL_ACCENT_COLOR_NAME = AccentColor;
				CODE_SIGN_STYLE = Automatic;
				CURRENT_PROJECT_VERSION = 1;
				DEVELOPMENT_ASSET_PATHS = "\"AppleFrameworkProject/Preview Content\"";
				DEVELOPMENT_TEAM = GY9GA2ZV3W;
				ENABLE_PREVIEWS = YES;
				GENERATE_INFOPLIST_FILE = YES;
				INFOPLIST_KEY_UIApplicationSceneManifest_Generation = YES;
				INFOPLIST_KEY_UIApplicationSupportsIndirectInputEvents = YES;
				INFOPLIST_KEY_UILaunchScreen_Generation = YES;
				INFOPLIST_KEY_UISupportedInterfaceOrientations_iPad = "UIInterfaceOrientationPortrait UIInterfaceOrientationPortraitUpsideDown UIInterfaceOrientationLandscapeLeft UIInterfaceOrientationLandscapeRight";
				INFOPLIST_KEY_UISupportedInterfaceOrientations_iPhone = "UIInterfaceOrientationPortrait UIInterfaceOrientationLandscapeLeft UIInterfaceOrientationLandscapeRight";
				LD_RUNPATH_SEARCH_PATHS = (
					"$(inherited)",
					"@executable_path/Frameworks",
				);
				MARKETING_VERSION = 1.0;
				PRODUCT_BUNDLE_IDENTIFIER = test.waqas.AppleFrameworkProject;
				PRODUCT_NAME = "$(TARGET_NAME)";
				SWIFT_EMIT_LOC_STRINGS = YES;
				SWIFT_VERSION = 5.0;
				TARGETED_DEVICE_FAMILY = "1,2";
			};
			name = Release;
		};
		B2B6C2772C64BD6100F6F4B7 /* Debug */ = {
			isa = XCBuildConfiguration;
			buildSettings = {
				ALWAYS_EMBED_SWIFT_STANDARD_LIBRARIES = YES;
				BUNDLE_LOADER = "$(TEST_HOST)";
				CODE_SIGN_STYLE = Automatic;
				CURRENT_PROJECT_VERSION = 1;
				DEVELOPMENT_TEAM = GY9GA2ZV3W;
				GENERATE_INFOPLIST_FILE = YES;
				IPHONEOS_DEPLOYMENT_TARGET = 16.4;
				MARKETING_VERSION = 1.0;
				PRODUCT_BUNDLE_IDENTIFIER = test.waqas.AppleFrameworkProjectTests;
				PRODUCT_NAME = "$(TARGET_NAME)";
				SWIFT_EMIT_LOC_STRINGS = NO;
				SWIFT_VERSION = 5.0;
				TARGETED_DEVICE_FAMILY = "1,2";
				TEST_HOST = "$(BUILT_PRODUCTS_DIR)/AppleFrameworkProject.app/$(BUNDLE_EXECUTABLE_FOLDER_PATH)/AppleFrameworkProject";
			};
			name = Debug;
		};
		B2B6C2782C64BD6100F6F4B7 /* Release */ = {
			isa = XCBuildConfiguration;
			buildSettings = {
				ALWAYS_EMBED_SWIFT_STANDARD_LIBRARIES = YES;
				BUNDLE_LOADER = "$(TEST_HOST)";
				CODE_SIGN_STYLE = Automatic;
				CURRENT_PROJECT_VERSION = 1;
				DEVELOPMENT_TEAM = GY9GA2ZV3W;
				GENERATE_INFOPLIST_FILE = YES;
				IPHONEOS_DEPLOYMENT_TARGET = 16.4;
				MARKETING_VERSION = 1.0;
				PRODUCT_BUNDLE_IDENTIFIER = test.waqas.AppleFrameworkProjectTests;
				PRODUCT_NAME = "$(TARGET_NAME)";
				SWIFT_EMIT_LOC_STRINGS = NO;
				SWIFT_VERSION = 5.0;
				TARGETED_DEVICE_FAMILY = "1,2";
				TEST_HOST = "$(BUILT_PRODUCTS_DIR)/AppleFrameworkProject.app/$(BUNDLE_EXECUTABLE_FOLDER_PATH)/AppleFrameworkProject";
			};
			name = Release;
		};
		B2B6C27A2C64BD6100F6F4B7 /* Debug */ = {
			isa = XCBuildConfiguration;
			buildSettings = {
				ALWAYS_EMBED_SWIFT_STANDARD_LIBRARIES = YES;
				CODE_SIGN_STYLE = Automatic;
				CURRENT_PROJECT_VERSION = 1;
				DEVELOPMENT_TEAM = GY9GA2ZV3W;
				GENERATE_INFOPLIST_FILE = YES;
				MARKETING_VERSION = 1.0;
				PRODUCT_BUNDLE_IDENTIFIER = test.waqas.AppleFrameworkProjectUITests;
				PRODUCT_NAME = "$(TARGET_NAME)";
				SWIFT_EMIT_LOC_STRINGS = NO;
				SWIFT_VERSION = 5.0;
				TARGETED_DEVICE_FAMILY = "1,2";
				TEST_TARGET_NAME = AppleFrameworkProject;
			};
			name = Debug;
		};
		B2B6C27B2C64BD6100F6F4B7 /* Release */ = {
			isa = XCBuildConfiguration;
			buildSettings = {
				ALWAYS_EMBED_SWIFT_STANDARD_LIBRARIES = YES;
				CODE_SIGN_STYLE = Automatic;
				CURRENT_PROJECT_VERSION = 1;
				DEVELOPMENT_TEAM = GY9GA2ZV3W;
				GENERATE_INFOPLIST_FILE = YES;
				MARKETING_VERSION = 1.0;
				PRODUCT_BUNDLE_IDENTIFIER = test.waqas.AppleFrameworkProjectUITests;
				PRODUCT_NAME = "$(TARGET_NAME)";
				SWIFT_EMIT_LOC_STRINGS = NO;
				SWIFT_VERSION = 5.0;
				TARGETED_DEVICE_FAMILY = "1,2";
				TEST_TARGET_NAME = AppleFrameworkProject;
			};
			name = Release;
		};
/* End XCBuildConfiguration section */

/* Begin XCConfigurationList section */
		B2B6C24A2C64BD6000F6F4B7 /* Build configuration list for PBXProject "AppleFrameworkProject" */ = {
			isa = XCConfigurationList;
			buildConfigurations = (
				B2B6C2712C64BD6100F6F4B7 /* Debug */,
				B2B6C2722C64BD6100F6F4B7 /* Release */,
			);
			defaultConfigurationIsVisible = 0;
			defaultConfigurationName = Release;
		};
		B2B6C2732C64BD6100F6F4B7 /* Build configuration list for PBXNativeTarget "AppleFrameworkProject" */ = {
			isa = XCConfigurationList;
			buildConfigurations = (
				B2B6C2742C64BD6100F6F4B7 /* Debug */,
				B2B6C2752C64BD6100F6F4B7 /* Release */,
			);
			defaultConfigurationIsVisible = 0;
			defaultConfigurationName = Release;
		};
		B2B6C2762C64BD6100F6F4B7 /* Build configuration list for PBXNativeTarget "AppleFrameworkProjectTests" */ = {
			isa = XCConfigurationList;
			buildConfigurations = (
				B2B6C2772C64BD6100F6F4B7 /* Debug */,
				B2B6C2782C64BD6100F6F4B7 /* Release */,
			);
			defaultConfigurationIsVisible = 0;
			defaultConfigurationName = Release;
		};
		B2B6C2792C64BD6100F6F4B7 /* Build configuration list for PBXNativeTarget "AppleFrameworkProjectUITests" */ = {
			isa = XCConfigurationList;
			buildConfigurations = (
				B2B6C27A2C64BD6100F6F4B7 /* Debug */,
				B2B6C27B2C64BD6100F6F4B7 /* Release */,
			);
			defaultConfigurationIsVisible = 0;
			defaultConfigurationName = Release;
		};
/* End XCConfigurationList section */
	};
	rootObject = B2B6C2472C64BD6000F6F4B7 /* Project object */;
}
